
Microsoft Visual Studio Solution File, Format Version 12.00
# Visual Studio 14
VisualStudioVersion = 14.0.24720.0
MinimumVisualStudioVersion = 10.0.40219.1
Project("{FAE04EC0-301F-11D3-BF4B-00C04F79EFBC}") = "LuisSocial.Droid", "LuisSocial\LuisSocial.Droid\LuisSocial.Droid.csproj", "{B6BA0A9E-76ED-461C-8195-686A11D8852C}"
EndProject
Project("{FAE04EC0-301F-11D3-BF4B-00C04F79EFBC}") = "LuisSocial.iOS", "LuisSocial\LuisSocial.iOS\LuisSocial.iOS.csproj", "{1CFDA4AF-B77F-47ED-A768-39008D691DA8}"
EndProject
Project("{FAE04EC0-301F-11D3-BF4B-00C04F79EFBC}") = "LuisSocial.WinPhone", "LuisSocial\LuisSocial.WinPhone\LuisSocial.WinPhone.csproj", "{21FBB30A-4842-449A-8FA7-242E6994D761}"
EndProject
Project("{FAE04EC0-301F-11D3-BF4B-00C04F79EFBC}") = "LuisSocial", "LuisSocial\LuisSocial\LuisSocial.csproj", "{72474CC9-4E88-4AE0-AC11-2E8485B0D9CF}"
EndProject
Project("{FAE04EC0-301F-11D3-BF4B-00C04F79EFBC}") = "MvvmLibrary", "..\MvvmLibrary\MvvmLibrary\MvvmLibrary.csproj", "{7CD55C5B-4BEB-4F4E-985C-08EB6C7291E5}"
EndProject
Project("{FAE04EC0-301F-11D3-BF4B-00C04F79EFBC}") = "ContactosModel", "..\ContactosWebAPI\ContactoModel\ContactosModel.csproj", "{948D55D5-5BFB-4BF8-BACD-90B07D8368DC}"
EndProject
Global
	GlobalSection(SolutionConfigurationPlatforms) = preSolution
		Ad-Hoc|Any CPU = Ad-Hoc|Any CPU
		Ad-Hoc|ARM = Ad-Hoc|ARM
		Ad-Hoc|iPhone = Ad-Hoc|iPhone
		Ad-Hoc|iPhoneSimulator = Ad-Hoc|iPhoneSimulator
		Ad-Hoc|x86 = Ad-Hoc|x86
		AppStore|Any CPU = AppStore|Any CPU
		AppStore|ARM = AppStore|ARM
		AppStore|iPhone = AppStore|iPhone
		AppStore|iPhoneSimulator = AppStore|iPhoneSimulator
		AppStore|x86 = AppStore|x86
		Debug|Any CPU = Debug|Any CPU
		Debug|ARM = Debug|ARM
		Debug|iPhone = Debug|iPhone
		Debug|iPhoneSimulator = Debug|iPhoneSimulator
		Debug|x86 = Debug|x86
		Release|Any CPU = Release|Any CPU
		Release|ARM = Release|ARM
		Release|iPhone = Release|iPhone
		Release|iPhoneSimulator = Release|iPhoneSimulator
		Release|x86 = Release|x86
	EndGlobalSection
	GlobalSection(ProjectConfigurationPlatforms) = postSolution
		{B6BA0A9E-76ED-461C-8195-686A11D8852C}.Ad-Hoc|Any CPU.ActiveCfg = Release|Any CPU
		{B6BA0A9E-76ED-461C-8195-686A11D8852C}.Ad-Hoc|Any CPU.Build.0 = Release|Any CPU
		{B6BA0A9E-76ED-461C-8195-686A11D8852C}.Ad-Hoc|Any CPU.Deploy.0 = Release|Any CPU
		{B6BA0A9E-76ED-461C-8195-686A11D8852C}.Ad-Hoc|ARM.ActiveCfg = Release|Any CPU
		{B6BA0A9E-76ED-461C-8195-686A11D8852C}.Ad-Hoc|ARM.Build.0 = Release|Any CPU
		{B6BA0A9E-76ED-461C-8195-686A11D8852C}.Ad-Hoc|ARM.Deploy.0 = Release|Any CPU
		{B6BA0A9E-76ED-461C-8195-686A11D8852C}.Ad-Hoc|iPhone.ActiveCfg = Release|Any CPU
		{B6BA0A9E-76ED-461C-8195-686A11D8852C}.Ad-Hoc|iPhone.Build.0 = Release|Any CPU
		{B6BA0A9E-76ED-461C-8195-686A11D8852C}.Ad-Hoc|iPhone.Deploy.0 = Release|Any CPU
		{B6BA0A9E-76ED-461C-8195-686A11D8852C}.Ad-Hoc|iPhoneSimulator.ActiveCfg = Release|Any CPU
		{B6BA0A9E-76ED-461C-8195-686A11D8852C}.Ad-Hoc|iPhoneSimulator.Build.0 = Release|Any CPU
		{B6BA0A9E-76ED-461C-8195-686A11D8852C}.Ad-Hoc|iPhoneSimulator.Deploy.0 = Release|Any CPU
		{B6BA0A9E-76ED-461C-8195-686A11D8852C}.Ad-Hoc|x86.ActiveCfg = Release|Any CPU
		{B6BA0A9E-76ED-461C-8195-686A11D8852C}.Ad-Hoc|x86.Build.0 = Release|Any CPU
		{B6BA0A9E-76ED-461C-8195-686A11D8852C}.Ad-Hoc|x86.Deploy.0 = Release|Any CPU
		{B6BA0A9E-76ED-461C-8195-686A11D8852C}.AppStore|Any CPU.ActiveCfg = Release|Any CPU
		{B6BA0A9E-76ED-461C-8195-686A11D8852C}.AppStore|Any CPU.Build.0 = Release|Any CPU
		{B6BA0A9E-76ED-461C-8195-686A11D8852C}.AppStore|Any CPU.Deploy.0 = Release|Any CPU
		{B6BA0A9E-76ED-461C-8195-686A11D8852C}.AppStore|ARM.ActiveCfg = Release|Any CPU
		{B6BA0A9E-76ED-461C-8195-686A11D8852C}.AppStore|ARM.Build.0 = Release|Any CPU
		{B6BA0A9E-76ED-461C-8195-686A11D8852C}.AppStore|ARM.Deploy.0 = Release|Any CPU
		{B6BA0A9E-76ED-461C-8195-686A11D8852C}.AppStore|iPhone.ActiveCfg = Release|Any CPU
		{B6BA0A9E-76ED-461C-8195-686A11D8852C}.AppStore|iPhone.Build.0 = Release|Any CPU
		{B6BA0A9E-76ED-461C-8195-686A11D8852C}.AppStore|iPhone.Deploy.0 = Release|Any CPU
		{B6BA0A9E-76ED-461C-8195-686A11D8852C}.AppStore|iPhoneSimulator.ActiveCfg = Release|Any CPU
		{B6BA0A9E-76ED-461C-8195-686A11D8852C}.AppStore|iPhoneSimulator.Build.0 = Release|Any CPU
		{B6BA0A9E-76ED-461C-8195-686A11D8852C}.AppStore|iPhoneSimulator.Deploy.0 = Release|Any CPU
		{B6BA0A9E-76ED-461C-8195-686A11D8852C}.AppStore|x86.ActiveCfg = Release|Any CPU
		{B6BA0A9E-76ED-461C-8195-686A11D8852C}.AppStore|x86.Build.0 = Release|Any CPU
		{B6BA0A9E-76ED-461C-8195-686A11D8852C}.AppStore|x86.Deploy.0 = Release|Any CPU
		{B6BA0A9E-76ED-461C-8195-686A11D8852C}.Debug|Any CPU.ActiveCfg = Debug|Any CPU
		{B6BA0A9E-76ED-461C-8195-686A11D8852C}.Debug|Any CPU.Build.0 = Debug|Any CPU
		{B6BA0A9E-76ED-461C-8195-686A11D8852C}.Debug|Any CPU.Deploy.0 = Debug|Any CPU
		{B6BA0A9E-76ED-461C-8195-686A11D8852C}.Debug|ARM.ActiveCfg = Debug|Any CPU
		{B6BA0A9E-76ED-461C-8195-686A11D8852C}.Debug|ARM.Build.0 = Debug|Any CPU
		{B6BA0A9E-76ED-461C-8195-686A11D8852C}.Debug|ARM.Deploy.0 = Debug|Any CPU
		{B6BA0A9E-76ED-461C-8195-686A11D8852C}.Debug|iPhone.ActiveCfg = Debug|Any CPU
		{B6BA0A9E-76ED-461C-8195-686A11D8852C}.Debug|iPhone.Build.0 = Debug|Any CPU
		{B6BA0A9E-76ED-461C-8195-686A11D8852C}.Debug|iPhone.Deploy.0 = Debug|Any CPU
		{B6BA0A9E-76ED-461C-8195-686A11D8852C}.Debug|iPhoneSimulator.ActiveCfg = Debug|Any CPU
		{B6BA0A9E-76ED-461C-8195-686A11D8852C}.Debug|iPhoneSimulator.Build.0 = Debug|Any CPU
		{B6BA0A9E-76ED-461C-8195-686A11D8852C}.Debug|iPhoneSimulator.Deploy.0 = Debug|Any CPU
		{B6BA0A9E-76ED-461C-8195-686A11D8852C}.Debug|x86.ActiveCfg = Debug|Any CPU
		{B6BA0A9E-76ED-461C-8195-686A11D8852C}.Debug|x86.Build.0 = Debug|Any CPU
		{B6BA0A9E-76ED-461C-8195-686A11D8852C}.Debug|x86.Deploy.0 = Debug|Any CPU
		{B6BA0A9E-76ED-461C-8195-686A11D8852C}.Release|Any CPU.ActiveCfg = Release|Any CPU
		{B6BA0A9E-76ED-461C-8195-686A11D8852C}.Release|Any CPU.Build.0 = Release|Any CPU
		{B6BA0A9E-76ED-461C-8195-686A11D8852C}.Release|Any CPU.Deploy.0 = Release|Any CPU
		{B6BA0A9E-76ED-461C-8195-686A11D8852C}.Release|ARM.ActiveCfg = Release|Any CPU
		{B6BA0A9E-76ED-461C-8195-686A11D8852C}.Release|ARM.Build.0 = Release|Any CPU
		{B6BA0A9E-76ED-461C-8195-686A11D8852C}.Release|ARM.Deploy.0 = Release|Any CPU
		{B6BA0A9E-76ED-461C-8195-686A11D8852C}.Release|iPhone.ActiveCfg = Release|Any CPU
		{B6BA0A9E-76ED-461C-8195-686A11D8852C}.Release|iPhone.Build.0 = Release|Any CPU
		{B6BA0A9E-76ED-461C-8195-686A11D8852C}.Release|iPhone.Deploy.0 = Release|Any CPU
		{B6BA0A9E-76ED-461C-8195-686A11D8852C}.Release|iPhoneSimulator.ActiveCfg = Release|Any CPU
		{B6BA0A9E-76ED-461C-8195-686A11D8852C}.Release|iPhoneSimulator.Build.0 = Release|Any CPU
		{B6BA0A9E-76ED-461C-8195-686A11D8852C}.Release|iPhoneSimulator.Deploy.0 = Release|Any CPU
		{B6BA0A9E-76ED-461C-8195-686A11D8852C}.Release|x86.ActiveCfg = Release|Any CPU
		{B6BA0A9E-76ED-461C-8195-686A11D8852C}.Release|x86.Build.0 = Release|Any CPU
		{B6BA0A9E-76ED-461C-8195-686A11D8852C}.Release|x86.Deploy.0 = Release|Any CPU
		{1CFDA4AF-B77F-47ED-A768-39008D691DA8}.Ad-Hoc|Any CPU.ActiveCfg = Ad-Hoc|iPhone
		{1CFDA4AF-B77F-47ED-A768-39008D691DA8}.Ad-Hoc|ARM.ActiveCfg = Ad-Hoc|iPhone
		{1CFDA4AF-B77F-47ED-A768-39008D691DA8}.Ad-Hoc|iPhone.ActiveCfg = Ad-Hoc|iPhone
		{1CFDA4AF-B77F-47ED-A768-39008D691DA8}.Ad-Hoc|iPhone.Build.0 = Ad-Hoc|iPhone
		{1CFDA4AF-B77F-47ED-A768-39008D691DA8}.Ad-Hoc|iPhoneSimulator.ActiveCfg = Ad-Hoc|iPhoneSimulator
		{1CFDA4AF-B77F-47ED-A768-39008D691DA8}.Ad-Hoc|iPhoneSimulator.Build.0 = Ad-Hoc|iPhoneSimulator
		{1CFDA4AF-B77F-47ED-A768-39008D691DA8}.Ad-Hoc|x86.ActiveCfg = Ad-Hoc|iPhone
		{1CFDA4AF-B77F-47ED-A768-39008D691DA8}.AppStore|Any CPU.ActiveCfg = AppStore|iPhone
		{1CFDA4AF-B77F-47ED-A768-39008D691DA8}.AppStore|ARM.ActiveCfg = AppStore|iPhone
		{1CFDA4AF-B77F-47ED-A768-39008D691DA8}.AppStore|iPhone.ActiveCfg = AppStore|iPhone
		{1CFDA4AF-B77F-47ED-A768-39008D691DA8}.AppStore|iPhone.Build.0 = AppStore|iPhone
		{1CFDA4AF-B77F-47ED-A768-39008D691DA8}.AppStore|iPhoneSimulator.ActiveCfg = AppStore|iPhoneSimulator
		{1CFDA4AF-B77F-47ED-A768-39008D691DA8}.AppStore|iPhoneSimulator.Build.0 = AppStore|iPhoneSimulator
		{1CFDA4AF-B77F-47ED-A768-39008D691DA8}.AppStore|x86.ActiveCfg = AppStore|iPhone
		{1CFDA4AF-B77F-47ED-A768-39008D691DA8}.Debug|Any CPU.ActiveCfg = Debug|iPhone
		{1CFDA4AF-B77F-47ED-A768-39008D691DA8}.Debug|ARM.ActiveCfg = Debug|iPhone
		{1CFDA4AF-B77F-47ED-A768-39008D691DA8}.Debug|iPhone.ActiveCfg = Debug|iPhone
		{1CFDA4AF-B77F-47ED-A768-39008D691DA8}.Debug|iPhone.Build.0 = Debug|iPhone
		{1CFDA4AF-B77F-47ED-A768-39008D691DA8}.Debug|iPhoneSimulator.ActiveCfg = Debug|iPhoneSimulator
		{1CFDA4AF-B77F-47ED-A768-39008D691DA8}.Debug|iPhoneSimulator.Build.0 = Debug|iPhoneSimulator
		{1CFDA4AF-B77F-47ED-A768-39008D691DA8}.Debug|x86.ActiveCfg = Debug|iPhone
		{1CFDA4AF-B77F-47ED-A768-39008D691DA8}.Release|Any CPU.ActiveCfg = Release|iPhone
		{1CFDA4AF-B77F-47ED-A768-39008D691DA8}.Release|ARM.ActiveCfg = Release|iPhone
		{1CFDA4AF-B77F-47ED-A768-39008D691DA8}.Release|iPhone.ActiveCfg = Release|iPhone
		{1CFDA4AF-B77F-47ED-A768-39008D691DA8}.Release|iPhone.Build.0 = Release|iPhone
		{1CFDA4AF-B77F-47ED-A768-39008D691DA8}.Release|iPhoneSimulator.ActiveCfg = Release|iPhoneSimulator
		{1CFDA4AF-B77F-47ED-A768-39008D691DA8}.Release|iPhoneSimulator.Build.0 = Release|iPhoneSimulator
		{1CFDA4AF-B77F-47ED-A768-39008D691DA8}.Release|x86.ActiveCfg = Release|iPhone
		{21FBB30A-4842-449A-8FA7-242E6994D761}.Ad-Hoc|Any CPU.ActiveCfg = Release|Any CPU
		{21FBB30A-4842-449A-8FA7-242E6994D761}.Ad-Hoc|Any CPU.Build.0 = Release|Any CPU
		{21FBB30A-4842-449A-8FA7-242E6994D761}.Ad-Hoc|Any CPU.Deploy.0 = Release|Any CPU
		{21FBB30A-4842-449A-8FA7-242E6994D761}.Ad-Hoc|ARM.ActiveCfg = Release|ARM
		{21FBB30A-4842-449A-8FA7-242E6994D761}.Ad-Hoc|ARM.Build.0 = Release|ARM
		{21FBB30A-4842-449A-8FA7-242E6994D761}.Ad-Hoc|ARM.Deploy.0 = Release|ARM
		{21FBB30A-4842-449A-8FA7-242E6994D761}.Ad-Hoc|iPhone.ActiveCfg = Release|Any CPU
		{21FBB30A-4842-449A-8FA7-242E6994D761}.Ad-Hoc|iPhone.Build.0 = Release|Any CPU
		{21FBB30A-4842-449A-8FA7-242E6994D761}.Ad-Hoc|iPhone.Deploy.0 = Release|Any CPU
		{21FBB30A-4842-449A-8FA7-242E6994D761}.Ad-Hoc|iPhoneSimulator.ActiveCfg = Release|Any CPU
		{21FBB30A-4842-449A-8FA7-242E6994D761}.Ad-Hoc|iPhoneSimulator.Build.0 = Release|Any CPU
		{21FBB30A-4842-449A-8FA7-242E6994D761}.Ad-Hoc|iPhoneSimulator.Deploy.0 = Release|Any CPU
		{21FBB30A-4842-449A-8FA7-242E6994D761}.Ad-Hoc|x86.ActiveCfg = Release|x86
		{21FBB30A-4842-449A-8FA7-242E6994D761}.Ad-Hoc|x86.Build.0 = Release|x86
		{21FBB30A-4842-449A-8FA7-242E6994D761}.Ad-Hoc|x86.Deploy.0 = Release|x86
		{21FBB30A-4842-449A-8FA7-242E6994D761}.AppStore|Any CPU.ActiveCfg = Release|Any CPU
		{21FBB30A-4842-449A-8FA7-242E6994D761}.AppStore|Any CPU.Build.0 = Release|Any CPU
		{21FBB30A-4842-449A-8FA7-242E6994D761}.AppStore|Any CPU.Deploy.0 = Release|Any CPU
		{21FBB30A-4842-449A-8FA7-242E6994D761}.AppStore|ARM.ActiveCfg = Release|ARM
		{21FBB30A-4842-449A-8FA7-242E6994D761}.AppStore|ARM.Build.0 = Release|ARM
		{21FBB30A-4842-449A-8FA7-242E6994D761}.AppStore|ARM.Deploy.0 = Release|ARM
		{21FBB30A-4842-449A-8FA7-242E6994D761}.AppStore|iPhone.ActiveCfg = Release|Any CPU
		{21FBB30A-4842-449A-8FA7-242E6994D761}.AppStore|iPhone.Build.0 = Release|Any CPU
		{21FBB30A-4842-449A-8FA7-242E6994D761}.AppStore|iPhone.Deploy.0 = Release|Any CPU
		{21FBB30A-4842-449A-8FA7-242E6994D761}.AppStore|iPhoneSimulator.ActiveCfg = Release|Any CPU
		{21FBB30A-4842-449A-8FA7-242E6994D761}.AppStore|iPhoneSimulator.Build.0 = Release|Any CPU
		{21FBB30A-4842-449A-8FA7-242E6994D761}.AppStore|iPhoneSimulator.Deploy.0 = Release|Any CPU
		{21FBB30A-4842-449A-8FA7-242E6994D761}.AppStore|x86.ActiveCfg = Release|x86
		{21FBB30A-4842-449A-8FA7-242E6994D761}.AppStore|x86.Build.0 = Release|x86
		{21FBB30A-4842-449A-8FA7-242E6994D761}.AppStore|x86.Deploy.0 = Release|x86
		{21FBB30A-4842-449A-8FA7-242E6994D761}.Debug|Any CPU.ActiveCfg = Debug|Any CPU
		{21FBB30A-4842-449A-8FA7-242E6994D761}.Debug|Any CPU.Build.0 = Debug|Any CPU
		{21FBB30A-4842-449A-8FA7-242E6994D761}.Debug|Any CPU.Deploy.0 = Debug|Any CPU
		{21FBB30A-4842-449A-8FA7-242E6994D761}.Debug|ARM.ActiveCfg = Debug|ARM
		{21FBB30A-4842-449A-8FA7-242E6994D761}.Debug|ARM.Build.0 = Debug|ARM
		{21FBB30A-4842-449A-8FA7-242E6994D761}.Debug|ARM.Deploy.0 = Debug|ARM
		{21FBB30A-4842-449A-8FA7-242E6994D761}.Debug|iPhone.ActiveCfg = Debug|Any CPU
		{21FBB30A-4842-449A-8FA7-242E6994D761}.Debug|iPhone.Build.0 = Debug|Any CPU
		{21FBB30A-4842-449A-8FA7-242E6994D761}.Debug|iPhone.Deploy.0 = Debug|Any CPU
		{21FBB30A-4842-449A-8FA7-242E6994D761}.Debug|iPhoneSimulator.ActiveCfg = Debug|Any CPU
		{21FBB30A-4842-449A-8FA7-242E6994D761}.Debug|iPhoneSimulator.Build.0 = Debug|Any CPU
		{21FBB30A-4842-449A-8FA7-242E6994D761}.Debug|iPhoneSimulator.Deploy.0 = Debug|Any CPU
		{21FBB30A-4842-449A-8FA7-242E6994D761}.Debug|x86.ActiveCfg = Debug|x86
		{21FBB30A-4842-449A-8FA7-242E6994D761}.Debug|x86.Build.0 = Debug|x86
		{21FBB30A-4842-449A-8FA7-242E6994D761}.Debug|x86.Deploy.0 = Debug|x86
		{21FBB30A-4842-449A-8FA7-242E6994D761}.Release|Any CPU.ActiveCfg = Release|Any CPU
		{21FBB30A-4842-449A-8FA7-242E6994D761}.Release|Any CPU.Build.0 = Release|Any CPU
		{21FBB30A-4842-449A-8FA7-242E6994D761}.Release|Any CPU.Deploy.0 = Release|Any CPU
		{21FBB30A-4842-449A-8FA7-242E6994D761}.Release|ARM.ActiveCfg = Release|ARM
		{21FBB30A-4842-449A-8FA7-242E6994D761}.Release|ARM.Build.0 = Release|ARM
		{21FBB30A-4842-449A-8FA7-242E6994D761}.Release|ARM.Deploy.0 = Release|ARM
		{21FBB30A-4842-449A-8FA7-242E6994D761}.Release|iPhone.ActiveCfg = Release|Any CPU
		{21FBB30A-4842-449A-8FA7-242E6994D761}.Release|iPhone.Build.0 = Release|Any CPU
		{21FBB30A-4842-449A-8FA7-242E6994D761}.Release|iPhone.Deploy.0 = Release|Any CPU
		{21FBB30A-4842-449A-8FA7-242E6994D761}.Release|iPhoneSimulator.ActiveCfg = Release|Any CPU
		{21FBB30A-4842-449A-8FA7-242E6994D761}.Release|iPhoneSimulator.Build.0 = Release|Any CPU
		{21FBB30A-4842-449A-8FA7-242E6994D761}.Release|iPhoneSimulator.Deploy.0 = Release|Any CPU
		{21FBB30A-4842-449A-8FA7-242E6994D761}.Release|x86.ActiveCfg = Release|x86
		{21FBB30A-4842-449A-8FA7-242E6994D761}.Release|x86.Build.0 = Release|x86
		{21FBB30A-4842-449A-8FA7-242E6994D761}.Release|x86.Deploy.0 = Release|x86
		{72474CC9-4E88-4AE0-AC11-2E8485B0D9CF}.Ad-Hoc|Any CPU.ActiveCfg = Release|Any CPU
		{72474CC9-4E88-4AE0-AC11-2E8485B0D9CF}.Ad-Hoc|Any CPU.Build.0 = Release|Any CPU
		{72474CC9-4E88-4AE0-AC11-2E8485B0D9CF}.Ad-Hoc|ARM.ActiveCfg = Release|Any CPU
		{72474CC9-4E88-4AE0-AC11-2E8485B0D9CF}.Ad-Hoc|ARM.Build.0 = Release|Any CPU
		{72474CC9-4E88-4AE0-AC11-2E8485B0D9CF}.Ad-Hoc|iPhone.ActiveCfg = Release|Any CPU
		{72474CC9-4E88-4AE0-AC11-2E8485B0D9CF}.Ad-Hoc|iPhone.Build.0 = Release|Any CPU
		{72474CC9-4E88-4AE0-AC11-2E8485B0D9CF}.Ad-Hoc|iPhoneSimulator.ActiveCfg = Release|Any CPU
		{72474CC9-4E88-4AE0-AC11-2E8485B0D9CF}.Ad-Hoc|iPhoneSimulator.Build.0 = Release|Any CPU
		{72474CC9-4E88-4AE0-AC11-2E8485B0D9CF}.Ad-Hoc|x86.ActiveCfg = Release|Any CPU
		{72474CC9-4E88-4AE0-AC11-2E8485B0D9CF}.Ad-Hoc|x86.Build.0 = Release|Any CPU
		{72474CC9-4E88-4AE0-AC11-2E8485B0D9CF}.AppStore|Any CPU.ActiveCfg = Release|Any CPU
		{72474CC9-4E88-4AE0-AC11-2E8485B0D9CF}.AppStore|Any CPU.Build.0 = Release|Any CPU
		{72474CC9-4E88-4AE0-AC11-2E8485B0D9CF}.AppStore|ARM.ActiveCfg = Release|Any CPU
		{72474CC9-4E88-4AE0-AC11-2E8485B0D9CF}.AppStore|ARM.Build.0 = Release|Any CPU
		{72474CC9-4E88-4AE0-AC11-2E8485B0D9CF}.AppStore|iPhone.ActiveCfg = Release|Any CPU
		{72474CC9-4E88-4AE0-AC11-2E8485B0D9CF}.AppStore|iPhone.Build.0 = Release|Any CPU
		{72474CC9-4E88-4AE0-AC11-2E8485B0D9CF}.AppStore|iPhoneSimulator.ActiveCfg = Release|Any CPU
		{72474CC9-4E88-4AE0-AC11-2E8485B0D9CF}.AppStore|iPhoneSimulator.Build.0 = Release|Any CPU
		{72474CC9-4E88-4AE0-AC11-2E8485B0D9CF}.AppStore|x86.ActiveCfg = Release|Any CPU
		{72474CC9-4E88-4AE0-AC11-2E8485B0D9CF}.AppStore|x86.Build.0 = Release|Any CPU
		{72474CC9-4E88-4AE0-AC11-2E8485B0D9CF}.Debug|Any CPU.ActiveCfg = Debug|Any CPU
		{72474CC9-4E88-4AE0-AC11-2E8485B0D9CF}.Debug|Any CPU.Build.0 = Debug|Any CPU
		{72474CC9-4E88-4AE0-AC11-2E8485B0D9CF}.Debug|ARM.ActiveCfg = Debug|Any CPU
		{72474CC9-4E88-4AE0-AC11-2E8485B0D9CF}.Debug|ARM.Build.0 = Debug|Any CPU
		{72474CC9-4E88-4AE0-AC11-2E8485B0D9CF}.Debug|iPhone.ActiveCfg = Debug|Any CPU
		{72474CC9-4E88-4AE0-AC11-2E8485B0D9CF}.Debug|iPhone.Build.0 = Debug|Any CPU
		{72474CC9-4E88-4AE0-AC11-2E8485B0D9CF}.Debug|iPhoneSimulator.ActiveCfg = Debug|Any CPU
		{72474CC9-4E88-4AE0-AC11-2E8485B0D9CF}.Debug|iPhoneSimulator.Build.0 = Debug|Any CPU
		{72474CC9-4E88-4AE0-AC11-2E8485B0D9CF}.Debug|x86.ActiveCfg = Debug|Any CPU
		{72474CC9-4E88-4AE0-AC11-2E8485B0D9CF}.Debug|x86.Build.0 = Debug|Any CPU
		{72474CC9-4E88-4AE0-AC11-2E8485B0D9CF}.Release|Any CPU.ActiveCfg = Release|Any CPU
		{72474CC9-4E88-4AE0-AC11-2E8485B0D9CF}.Release|Any CPU.Build.0 = Release|Any CPU
		{72474CC9-4E88-4AE0-AC11-2E8485B0D9CF}.Release|ARM.ActiveCfg = Release|Any CPU
		{72474CC9-4E88-4AE0-AC11-2E8485B0D9CF}.Release|ARM.Build.0 = Release|Any CPU
		{72474CC9-4E88-4AE0-AC11-2E8485B0D9CF}.Release|iPhone.ActiveCfg = Release|Any CPU
		{72474CC9-4E88-4AE0-AC11-2E8485B0D9CF}.Release|iPhone.Build.0 = Release|Any CPU
		{72474CC9-4E88-4AE0-AC11-2E8485B0D9CF}.Release|iPhoneSimulator.ActiveCfg = Release|Any CPU
		{72474CC9-4E88-4AE0-AC11-2E8485B0D9CF}.Release|iPhoneSimulator.Build.0 = Release|Any CPU
		{72474CC9-4E88-4AE0-AC11-2E8485B0D9CF}.Release|x86.ActiveCfg = Release|Any CPU
		{72474CC9-4E88-4AE0-AC11-2E8485B0D9CF}.Release|x86.Build.0 = Release|Any CPU
		{7CD55C5B-4BEB-4F4E-985C-08EB6C7291E5}.Ad-Hoc|Any CPU.ActiveCfg = Release|Any CPU
		{7CD55C5B-4BEB-4F4E-985C-08EB6C7291E5}.Ad-Hoc|Any CPU.Build.0 = Release|Any CPU
		{7CD55C5B-4BEB-4F4E-985C-08EB6C7291E5}.Ad-Hoc|ARM.ActiveCfg = Release|Any CPU
		{7CD55C5B-4BEB-4F4E-985C-08EB6C7291E5}.Ad-Hoc|ARM.Build.0 = Release|Any CPU
		{7CD55C5B-4BEB-4F4E-985C-08EB6C7291E5}.Ad-Hoc|iPhone.ActiveCfg = Release|Any CPU
		{7CD55C5B-4BEB-4F4E-985C-08EB6C7291E5}.Ad-Hoc|iPhone.Build.0 = Release|Any CPU
		{7CD55C5B-4BEB-4F4E-985C-08EB6C7291E5}.Ad-Hoc|iPhoneSimulator.ActiveCfg = Release|Any CPU
		{7CD55C5B-4BEB-4F4E-985C-08EB6C7291E5}.Ad-Hoc|iPhoneSimulator.Build.0 = Release|Any CPU
		{7CD55C5B-4BEB-4F4E-985C-08EB6C7291E5}.Ad-Hoc|x86.ActiveCfg = Release|Any CPU
		{7CD55C5B-4BEB-4F4E-985C-08EB6C7291E5}.Ad-Hoc|x86.Build.0 = Release|Any CPU
		{7CD55C5B-4BEB-4F4E-985C-08EB6C7291E5}.AppStore|Any CPU.ActiveCfg = Release|Any CPU
		{7CD55C5B-4BEB-4F4E-985C-08EB6C7291E5}.AppStore|Any CPU.Build.0 = Release|Any CPU
		{7CD55C5B-4BEB-4F4E-985C-08EB6C7291E5}.AppStore|ARM.ActiveCfg = Release|Any CPU
		{7CD55C5B-4BEB-4F4E-985C-08EB6C7291E5}.AppStore|ARM.Build.0 = Release|Any CPU
		{7CD55C5B-4BEB-4F4E-985C-08EB6C7291E5}.AppStore|iPhone.ActiveCfg = Release|Any CPU
		{7CD55C5B-4BEB-4F4E-985C-08EB6C7291E5}.AppStore|iPhone.Build.0 = Release|Any CPU
		{7CD55C5B-4BEB-4F4E-985C-08EB6C7291E5}.AppStore|iPhoneSimulator.ActiveCfg = Release|Any CPU
		{7CD55C5B-4BEB-4F4E-985C-08EB6C7291E5}.AppStore|iPhoneSimulator.Build.0 = Release|Any CPU
		{7CD55C5B-4BEB-4F4E-985C-08EB6C7291E5}.AppStore|x86.ActiveCfg = Release|Any CPU
		{7CD55C5B-4BEB-4F4E-985C-08EB6C7291E5}.AppStore|x86.Build.0 = Release|Any CPU
		{7CD55C5B-4BEB-4F4E-985C-08EB6C7291E5}.Debug|Any CPU.ActiveCfg = Debug|Any CPU
		{7CD55C5B-4BEB-4F4E-985C-08EB6C7291E5}.Debug|Any CPU.Build.0 = Debug|Any CPU
		{7CD55C5B-4BEB-4F4E-985C-08EB6C7291E5}.Debug|ARM.ActiveCfg = Debug|Any CPU
		{7CD55C5B-4BEB-4F4E-985C-08EB6C7291E5}.Debug|ARM.Build.0 = Debug|Any CPU
		{7CD55C5B-4BEB-4F4E-985C-08EB6C7291E5}.Debug|iPhone.ActiveCfg = Debug|Any CPU
		{7CD55C5B-4BEB-4F4E-985C-08EB6C7291E5}.Debug|iPhone.Build.0 = Debug|Any CPU
		{7CD55C5B-4BEB-4F4E-985C-08EB6C7291E5}.Debug|iPhoneSimulator.ActiveCfg = Debug|Any CPU
		{7CD55C5B-4BEB-4F4E-985C-08EB6C7291E5}.Debug|iPhoneSimulator.Build.0 = Debug|Any CPU
		{7CD55C5B-4BEB-4F4E-985C-08EB6C7291E5}.Debug|x86.ActiveCfg = Debug|Any CPU
		{7CD55C5B-4BEB-4F4E-985C-08EB6C7291E5}.Debug|x86.Build.0 = Debug|Any CPU
		{7CD55C5B-4BEB-4F4E-985C-08EB6C7291E5}.Release|Any CPU.ActiveCfg = Release|Any CPU
		{7CD55C5B-4BEB-4F4E-985C-08EB6C7291E5}.Release|Any CPU.Build.0 = Release|Any CPU
		{7CD55C5B-4BEB-4F4E-985C-08EB6C7291E5}.Release|ARM.ActiveCfg = Release|Any CPU
		{7CD55C5B-4BEB-4F4E-985C-08EB6C7291E5}.Release|ARM.Build.0 = Release|Any CPU
		{7CD55C5B-4BEB-4F4E-985C-08EB6C7291E5}.Release|iPhone.ActiveCfg = Release|Any CPU
		{7CD55C5B-4BEB-4F4E-985C-08EB6C7291E5}.Release|iPhone.Build.0 = Release|Any CPU
		{7CD55C5B-4BEB-4F4E-985C-08EB6C7291E5}.Release|iPhoneSimulator.ActiveCfg = Release|Any CPU
		{7CD55C5B-4BEB-4F4E-985C-08EB6C7291E5}.Release|iPhoneSimulator.Build.0 = Release|Any CPU
		{7CD55C5B-4BEB-4F4E-985C-08EB6C7291E5}.Release|x86.ActiveCfg = Release|Any CPU
		{7CD55C5B-4BEB-4F4E-985C-08EB6C7291E5}.Release|x86.Build.0 = Release|Any CPU
		{948D55D5-5BFB-4BF8-BACD-90B07D8368DC}.Ad-Hoc|Any CPU.ActiveCfg = Release|Any CPU
		{948D55D5-5BFB-4BF8-BACD-90B07D8368DC}.Ad-Hoc|Any CPU.Build.0 = Release|Any CPU
		{948D55D5-5BFB-4BF8-BACD-90B07D8368DC}.Ad-Hoc|ARM.ActiveCfg = Release|Any CPU
		{948D55D5-5BFB-4BF8-BACD-90B07D8368DC}.Ad-Hoc|ARM.Build.0 = Release|Any CPU
		{948D55D5-5BFB-4BF8-BACD-90B07D8368DC}.Ad-Hoc|iPhone.ActiveCfg = Release|Any CPU
		{948D55D5-5BFB-4BF8-BACD-90B07D8368DC}.Ad-Hoc|iPhone.Build.0 = Release|Any CPU
		{948D55D5-5BFB-4BF8-BACD-90B07D8368DC}.Ad-Hoc|iPhoneSimulator.ActiveCfg = Release|Any CPU
		{948D55D5-5BFB-4BF8-BACD-90B07D8368DC}.Ad-Hoc|iPhoneSimulator.Build.0 = Release|Any CPU
		{948D55D5-5BFB-4BF8-BACD-90B07D8368DC}.Ad-Hoc|x86.ActiveCfg = Release|Any CPU
		{948D55D5-5BFB-4BF8-BACD-90B07D8368DC}.Ad-Hoc|x86.Build.0 = Release|Any CPU
		{948D55D5-5BFB-4BF8-BACD-90B07D8368DC}.AppStore|Any CPU.ActiveCfg = Release|Any CPU
		{948D55D5-5BFB-4BF8-BACD-90B07D8368DC}.AppStore|Any CPU.Build.0 = Release|Any CPU
		{948D55D5-5BFB-4BF8-BACD-90B07D8368DC}.AppStore|ARM.ActiveCfg = Release|Any CPU
		{948D55D5-5BFB-4BF8-BACD-90B07D8368DC}.AppStore|ARM.Build.0 = Release|Any CPU
		{948D55D5-5BFB-4BF8-BACD-90B07D8368DC}.AppStore|iPhone.ActiveCfg = Release|Any CPU
		{948D55D5-5BFB-4BF8-BACD-90B07D8368DC}.AppStore|iPhone.Build.0 = Release|Any CPU
		{948D55D5-5BFB-4BF8-BACD-90B07D8368DC}.AppStore|iPhoneSimulator.ActiveCfg = Release|Any CPU
		{948D55D5-5BFB-4BF8-BACD-90B07D8368DC}.AppStore|iPhoneSimulator.Build.0 = Release|Any CPU
		{948D55D5-5BFB-4BF8-BACD-90B07D8368DC}.AppStore|x86.ActiveCfg = Release|Any CPU
		{948D55D5-5BFB-4BF8-BACD-90B07D8368DC}.AppStore|x86.Build.0 = Release|Any CPU
		{948D55D5-5BFB-4BF8-BACD-90B07D8368DC}.Debug|Any CPU.ActiveCfg = Debug|Any CPU
		{948D55D5-5BFB-4BF8-BACD-90B07D8368DC}.Debug|Any CPU.Build.0 = Debug|Any CPU
		{948D55D5-5BFB-4BF8-BACD-90B07D8368DC}.Debug|ARM.ActiveCfg = Debug|Any CPU
		{948D55D5-5BFB-4BF8-BACD-90B07D8368DC}.Debug|ARM.Build.0 = Debug|Any CPU
		{948D55D5-5BFB-4BF8-BACD-90B07D8368DC}.Debug|iPhone.ActiveCfg = Debug|Any CPU
		{948D55D5-5BFB-4BF8-BACD-90B07D8368DC}.Debug|iPhone.Build.0 = Debug|Any CPU
		{948D55D5-5BFB-4BF8-BACD-90B07D8368DC}.Debug|iPhoneSimulator.ActiveCfg = Debug|Any CPU
		{948D55D5-5BFB-4BF8-BACD-90B07D8368DC}.Debug|iPhoneSimulator.Build.0 = Debug|Any CPU
		{948D55D5-5BFB-4BF8-BACD-90B07D8368DC}.Debug|x86.ActiveCfg = Debug|Any CPU
		{948D55D5-5BFB-4BF8-BACD-90B07D8368DC}.Debug|x86.Build.0 = Debug|Any CPU
		{948D55D5-5BFB-4BF8-BACD-90B07D8368DC}.Release|Any CPU.ActiveCfg = Release|Any CPU
		{948D55D5-5BFB-4BF8-BACD-90B07D8368DC}.Release|Any CPU.Build.0 = Release|Any CPU
		{948D55D5-5BFB-4BF8-BACD-90B07D8368DC}.Release|ARM.ActiveCfg = Release|Any CPU
		{948D55D5-5BFB-4BF8-BACD-90B07D8368DC}.Release|ARM.Build.0 = Release|Any CPU
		{948D55D5-5BFB-4BF8-BACD-90B07D8368DC}.Release|iPhone.ActiveCfg = Release|Any CPU
		{948D55D5-5BFB-4BF8-BACD-90B07D8368DC}.Release|iPhone.Build.0 = Release|Any CPU
		{948D55D5-5BFB-4BF8-BACD-90B07D8368DC}.Release|iPhoneSimulator.ActiveCfg = Release|Any CPU
		{948D55D5-5BFB-4BF8-BACD-90B07D8368DC}.Release|iPhoneSimulator.Build.0 = Release|Any CPU
		{948D55D5-5BFB-4BF8-BACD-90B07D8368DC}.Release|x86.ActiveCfg = Release|Any CPU
		{948D55D5-5BFB-4BF8-BACD-90B07D8368DC}.Release|x86.Build.0 = Release|Any CPU
	EndGlobalSection
	GlobalSection(SolutionProperties) = preSolution
		HideSolutionNode = FALSE
	EndGlobalSection
EndGlobal
